Microsoft Visual Studio Solution File, Format Version 8.00
Project("{FAE04EC0-301F-11D3-BF4B-00C04F79EFBC}") = "PMT", "http://localhost/projmgt-net/PMT.csproj", "{BD5C31A0-A12C-4477-9901-27D330814ACD}"
	ProjectSection(ProjectDependencies) = postProject
	EndProjectSection
EndProject
Project("{FAE04EC0-301F-11D3-BF4B-00C04F79EFBC}") = "DBDriver", "DBDriver\DBDriver.csproj", "{EE60ECB8-4BF0-480A-90F3-B05A4D680797}"
	ProjectSection(ProjectDependencies) = postProject
	EndProjectSection
EndProject
Project("{FAE04EC0-301F-11D3-BF4B-00C04F79EFBC}") = "User", "User\User.csproj", "{B5F7BCA6-9AFD-479B-B696-3F5851C8173E}"
	ProjectSection(ProjectDependencies) = postProject
	EndProjectSection
EndProject
Project("{FAE04EC0-301F-11D3-BF4B-00C04F79EFBC}") = "Projects", "Projects\Projects.csproj", "{8638DA94-3D73-41EB-B892-CF0C82D7A953}"
	ProjectSection(ProjectDependencies) = postProject
	EndProjectSection
EndProject
Global
	GlobalSection(SolutionConfiguration) = preSolution
		Debug = Debug
		Release = Release
	EndGlobalSection
	GlobalSection(ProjectConfiguration) = postSolution
		{BD5C31A0-A12C-4477-9901-27D330814ACD}.Debug.ActiveCfg = Debug|.NET
		{BD5C31A0-A12C-4477-9901-27D330814ACD}.Debug.Build.0 = Debug|.NET
		{BD5C31A0-A12C-4477-9901-27D330814ACD}.Release.ActiveCfg = Release|.NET
		{BD5C31A0-A12C-4477-9901-27D330814ACD}.Release.Build.0 = Release|.NET
		{EE60ECB8-4BF0-480A-90F3-B05A4D680797}.Debug.ActiveCfg = Debug|.NET
		{EE60ECB8-4BF0-480A-90F3-B05A4D680797}.Debug.Build.0 = Debug|.NET
		{EE60ECB8-4BF0-480A-90F3-B05A4D680797}.Release.ActiveCfg = Release|.NET
		{EE60ECB8-4BF0-480A-90F3-B05A4D680797}.Release.Build.0 = Release|.NET
		{B5F7BCA6-9AFD-479B-B696-3F5851C8173E}.Debug.ActiveCfg = Debug|.NET
		{B5F7BCA6-9AFD-479B-B696-3F5851C8173E}.Debug.Build.0 = Debug|.NET
		{B5F7BCA6-9AFD-479B-B696-3F5851C8173E}.Release.ActiveCfg = Release|.NET
		{B5F7BCA6-9AFD-479B-B696-3F5851C8173E}.Release.Build.0 = Release|.NET
		{8638DA94-3D73-41EB-B892-CF0C82D7A953}.Debug.ActiveCfg = Debug|.NET
		{8638DA94-3D73-41EB-B892-CF0C82D7A953}.Debug.Build.0 = Debug|.NET
		{8638DA94-3D73-41EB-B892-CF0C82D7A953}.Release.ActiveCfg = Release|.NET
		{8638DA94-3D73-41EB-B892-CF0C82D7A953}.Release.Build.0 = Release|.NET
	EndGlobalSection
	GlobalSection(SolutionItems) = postSolution
		UML\PMT.vsd = UML\PMT.vsd
		readme.txt = readme.txt
	EndGlobalSection
	GlobalSection(ExtensibilityGlobals) = postSolution
	EndGlobalSection
	GlobalSection(ExtensibilityAddIns) = postSolution
	EndGlobalSection
EndGlobal
