Microsoft Visual Studio Solution File, Format Version 8.00
Project("{FAE04EC0-301F-11D3-BF4B-00C04F79EFBC}") = "PMT", "http://localhost/projmgtnet/PMT.csproj", "{BD5C31A0-A12C-4477-9901-27D330814ACD}"
	ProjectSection(ProjectDependencies) = postProject
	EndProjectSection
EndProject
Project("{FAE04EC0-301F-11D3-BF4B-00C04F79EFBC}") = "PMTDataProvider", "PMTDataProvider\PMTDataProvider.csproj", "{77DA7A80-70EA-4286-BA1F-C6D79BAF3513}"
	ProjectSection(ProjectDependencies) = postProject
	EndProjectSection
EndProject
Project("{FAE04EC0-301F-11D3-BF4B-00C04F79EFBC}") = "PMTComponents", "PMTComponents\PMTComponents.csproj", "{5F5F01F2-AE0F-40DB-9214-97DDCA6E111C}"
	ProjectSection(ProjectDependencies) = postProject
	EndProjectSection
EndProject
Global
	GlobalSection(SolutionConfiguration) = preSolution
		Debug = Debug
		Release = Release
	EndGlobalSection
	GlobalSection(ProjectDependencies) = postSolution
	EndGlobalSection
	GlobalSection(ProjectConfiguration) = postSolution
		{BD5C31A0-A12C-4477-9901-27D330814ACD}.Debug.ActiveCfg = Debug|.NET
		{BD5C31A0-A12C-4477-9901-27D330814ACD}.Debug.Build.0 = Debug|.NET
		{BD5C31A0-A12C-4477-9901-27D330814ACD}.Release.ActiveCfg = Release|.NET
		{BD5C31A0-A12C-4477-9901-27D330814ACD}.Release.Build.0 = Release|.NET
		{77DA7A80-70EA-4286-BA1F-C6D79BAF3513}.Debug.ActiveCfg = Debug|.NET
		{77DA7A80-70EA-4286-BA1F-C6D79BAF3513}.Debug.Build.0 = Debug|.NET
		{77DA7A80-70EA-4286-BA1F-C6D79BAF3513}.Release.ActiveCfg = Release|.NET
		{77DA7A80-70EA-4286-BA1F-C6D79BAF3513}.Release.Build.0 = Release|.NET
		{5F5F01F2-AE0F-40DB-9214-97DDCA6E111C}.Debug.ActiveCfg = Debug|.NET
		{5F5F01F2-AE0F-40DB-9214-97DDCA6E111C}.Debug.Build.0 = Debug|.NET
		{5F5F01F2-AE0F-40DB-9214-97DDCA6E111C}.Release.ActiveCfg = Release|.NET
		{5F5F01F2-AE0F-40DB-9214-97DDCA6E111C}.Release.Build.0 = Release|.NET
	EndGlobalSection
	GlobalSection(SolutionItems) = postSolution
		Doc\PMT.ndoc = Doc\PMT.ndoc
		UML\PMT.vsd = UML\PMT.vsd
		readme.txt = readme.txt
	EndGlobalSection
	GlobalSection(ExtensibilityGlobals) = postSolution
	EndGlobalSection
	GlobalSection(ExtensibilityAddIns) = postSolution
	EndGlobalSection
EndGlobal
